
Microsoft Visual Studio Solution File, Format Version 12.00
# Visual Studio Version 16
VisualStudioVersion = 16.0.30320.27
MinimumVisualStudioVersion = 10.0.40219.1
Project("{FAE04EC0-301F-11D3-BF4B-00C04F79EFBC}") = "Warehouse", "Warehouse.csproj", "{55D348B8-E6B2-4253-92D5-D17AE4913EBC}"
EndProject
Global
	GlobalSection(SolutionConfigurationPlatforms) = preSolution
		Debug|Any CPU = Debug|Any CPU
		Release|Any CPU = Release|Any CPU
	EndGlobalSection
	GlobalSection(ProjectConfigurationPlatforms) = postSolution
		{55D348B8-E6B2-4253-92D5-D17AE4913EBC}.Debug|Any CPU.ActiveCfg = Debug|Any CPU
		{55D348B8-E6B2-4253-92D5-D17AE4913EBC}.Debug|Any CPU.Build.0 = Debug|Any CPU
		{55D348B8-E6B2-4253-92D5-D17AE4913EBC}.Release|Any CPU.ActiveCfg = Release|Any CPU
		{55D348B8-E6B2-4253-92D5-D17AE4913EBC}.Release|Any CPU.Build.0 = Release|Any CPU
	EndGlobalSection
	GlobalSection(SolutionProperties) = preSolution
		HideSolutionNode = FALSE
	EndGlobalSection
	GlobalSection(ExtensibilityGlobals) = postSolution
		SolutionGuid = {68363024-8B02-4009-8EC0-8040BEB687A6}
	EndGlobalSection
EndGlobal
